{
  "name": "diago",
  "version": "0.3.0",
  "lockfileVersion": 3,
  "requires": true,
  "packages": {
    "": {
      "name": "diago",
      "version": "0.3.0",
      "license": "MIT",
      "bin": {
        "diago": "bin/diago.mjs"
      },
      "engines": {
        "node": ">=18"
      }
    }
  }
}
