{
  "name": "engineering-diagram-toolkit",
  "version": "0.1.0",
  "lockfileVersion": 3,
  "requires": true,
  "packages": {
    "": {
      "name": "engineering-diagram-toolkit",
      "version": "0.1.0",
      "license": "MIT",
      "bin": {
        "diagram-toolkit": "bin/diagram-toolkit.mjs"
      },
      "engines": {
        "node": ">=18"
      }
    }
  }
}
